// !$*UTF8*$!
{
	archiveVersion = 1;
	classes = {
	};
	objectVersion = 50;
	objects = {

/* Begin PBXBuildFile section */
		57BE403C2279CEA900812300 /* AppDelegate.swift in Sources */ = {isa = PBXBuildFile; fileRef = 57BE403B2279CEA900812300 /* AppDelegate.swift */; };
		57BE403E2279CEA900812300 /* ViewController.swift in Sources */ = {isa = PBXBuildFile; fileRef = 57BE403D2279CEA900812300 /* ViewController.swift */; };
		57BE40412279CEA900812300 /* Main.storyboard in Resources */ = {isa = PBXBuildFile; fileRef = 57BE403F2279CEA900812300 /* Main.storyboard */; };
		57BE40432279CEAA00812300 /* Assets.xcassets in Resources */ = {isa = PBXBuildFile; fileRef = 57BE40422279CEAA00812300 /* Assets.xcassets */; };
		57BE40462279CEAA00812300 /* LaunchScreen.storyboard in Resources */ = {isa = PBXBuildFile; fileRef = 57BE40442279CEAA00812300 /* LaunchScreen.storyboard */; };
		57BE40512279CEAA00812300 /* InteractiveTests.swift in Sources */ = {isa = PBXBuildFile; fileRef = 57BE40502279CEAA00812300 /* InteractiveTests.swift */; };
/* End PBXBuildFile section */

/* Begin PBXContainerItemProxy section */
		57BE404D2279CEAA00812300 /* PBXContainerItemProxy */ = {
			isa = PBXContainerItemProxy;
			containerPortal = 57BE40302279CEA900812300 /* Project object */;
			proxyType = 1;
			remoteGlobalIDString = 57BE40372279CEA900812300;
			remoteInfo = Interactive;
		};
/* End PBXContainerItemProxy section */

/* Begin PBXFileReference section */
		57BE40382279CEA900812300 /* Interactive.app */ = {isa = PBXFileReference; explicitFileType = wrapper.application; includeInIndex = 0; path = Interactive.app; sourceTree = BUILT_PRODUCTS_DIR; };
		57BE403B2279CEA900812300 /* AppDelegate.swift */ = {isa = PBXFileReference; lastKnownFileType = sourcecode.swift; path = AppDelegate.swift; sourceTree = "<group>"; };
		57BE403D2279CEA900812300 /* ViewController.swift */ = {isa = PBXFileReference; lastKnownFileType = sourcecode.swift; path = ViewController.swift; sourceTree = "<group>"; };
		57BE40402279CEA900812300 /* Base */ = {isa = PBXFileReference; lastKnownFileType = file.storyboard; name = Base; path = Base.lproj/Main.storyboard; sourceTree = "<group>"; };
		57BE40422279CEAA00812300 /* Assets.xcassets */ = {isa = PBXFileReference; lastKnownFileType = folder.assetcatalog; path = Assets.xcassets; sourceTree = "<group>"; };
		57BE40452279CEAA00812300 /* Base */ = {isa = PBXFileReference; lastKnownFileType = file.storyboard; name = Base; path = Base.lproj/LaunchScreen.storyboard; sourceTree = "<group>"; };
		57BE40472279CEAA00812300 /* Info.plist */ = {isa = PBXFileReference; lastKnownFileType = text.plist.xml; path = Info.plist; sourceTree = "<group>"; };
		57BE404C2279CEAA00812300 /* InteractiveTests.xctest */ = {isa = PBXFileReference; explicitFileType = wrapper.cfbundle; includeInIndex = 0; path = InteractiveTests.xctest; sourceTree = BUILT_PRODUCTS_DIR; };
		57BE40502279CEAA00812300 /* InteractiveTests.swift */ = {isa = PBXFileReference; lastKnownFileType = sourcecode.swift; path = InteractiveTests.swift; sourceTree = "<group>"; };
		57BE40522279CEAA00812300 /* Info.plist */ = {isa = PBXFileReference; lastKnownFileType = text.plist.xml; path = Info.plist; sourceTree = "<group>"; };
/* End PBXFileReference section */

/* Begin PBXFrameworksBuildPhase section */
		57BE40352279CEA900812300 /* Frameworks */ = {
			isa = PBXFrameworksBuildPhase;
			buildActionMask = 2147483647;
			files = (
			);
			runOnlyForDeploymentPostprocessing = 0;
		};
		57BE40492279CEAA00812300 /* Frameworks */ = {
			isa = PBXFrameworksBuildPhase;
			buildActionMask = 2147483647;
			files = (
			);
			runOnlyForDeploymentPostprocessing = 0;
		};
/* End PBXFrameworksBuildPhase section */

/* Begin PBXGroup section */
		57BE402F2279CEA900812300 = {
			isa = PBXGroup;
			children = (
				57BE403A2279CEA900812300 /* Interactive */,
				57BE404F2279CEAA00812300 /* InteractiveTests */,
				57BE40392279CEA900812300 /* Products */,
			);
			sourceTree = "<group>";
		};
		57BE40392279CEA900812300 /* Products */ = {
			isa = PBXGroup;
			children = (
				57BE40382279CEA900812300 /* Interactive.app */,
				57BE404C2279CEAA00812300 /* InteractiveTests.xctest */,
			);
			name = Products;
			sourceTree = "<group>";
		};
		57BE403A2279CEA900812300 /* Interactive */ = {
			isa = PBXGroup;
			children = (
				57BE403B2279CEA900812300 /* AppDelegate.swift */,
				57BE403D2279CEA900812300 /* ViewController.swift */,
				57BE403F2279CEA900812300 /* Main.storyboard */,
				57BE40422279CEAA00812300 /* Assets.xcassets */,
				57BE40442279CEAA00812300 /* LaunchScreen.storyboard */,
				57BE40472279CEAA00812300 /* Info.plist */,
			);
			path = Interactive;
			sourceTree = "<group>";
		};
		57BE404F2279CEAA00812300 /* InteractiveTests */ = {
			isa = PBXGroup;
			children = (
				57BE40502279CEAA00812300 /* InteractiveTests.swift */,
				57BE40522279CEAA00812300 /* Info.plist */,
			);
			path = InteractiveTests;
			sourceTree = "<group>";
		};
/* End PBXGroup section */

/* Begin PBXNativeTarget section */
		57BE40372279CEA900812300 /* Interactive */ = {
			isa = PBXNativeTarget;
			buildConfigurationList = 57BE40552279CEAA00812300 /* Build configuration list for PBXNativeTarget "Interactive" */;
			buildPhases = (
				57BE40342279CEA900812300 /* Sources */,
				57BE40352279CEA900812300 /* Frameworks */,
				57BE40362279CEA900812300 /* Resources */,
			);
			buildRules = (
			);
			dependencies = (
			);
			name = Interactive;
			productName = Interactive;
			productReference = 57BE40382279CEA900812300 /* Interactive.app */;
			productType = "com.apple.product-type.application";
		};
		57BE404B2279CEAA00812300 /* InteractiveTests */ = {
			isa = PBXNativeTarget;
			buildConfigurationList = 57BE40582279CEAA00812300 /* Build configuration list for PBXNativeTarget "InteractiveTests" */;
			buildPhases = (
				57BE40482279CEAA00812300 /* Sources */,
				57BE40492279CEAA00812300 /* Frameworks */,
				57BE404A2279CEAA00812300 /* Resources */,
			);
			buildRules = (
			);
			dependencies = (
				57BE404E2279CEAA00812300 /* PBXTargetDependency */,
			);
			name = InteractiveTests;
			productName = InteractiveTests;
			productReference = 57BE404C2279CEAA00812300 /* InteractiveTests.xctest */;
			productType = "com.apple.product-type.bundle.unit-test";
		};
/* End PBXNativeTarget section */

/* Begin PBXProject section */
		57BE40302279CEA900812300 /* Project object */ = {
			isa = PBXProject;
			attributes = {
				LastSwiftUpdateCheck = 1020;
				LastUpgradeCheck = 1020;
				ORGANIZATIONNAME = Yathi;
				TargetAttributes = {
					57BE40372279CEA900812300 = {
						CreatedOnToolsVersion = 10.2.1;
					};
					57BE404B2279CEAA00812300 = {
						CreatedOnToolsVersion = 10.2.1;
						TestTargetID = 57BE40372279CEA900812300;
					};
				};
			};
			buildConfigurationList = 57BE40332279CEA900812300 /* Build configuration list for PBXProject "Interactive" */;
			compatibilityVersion = "Xcode 9.3";
			developmentRegion = en;
			hasScannedForEncodings = 0;
			knownRegions = (
				en,
				Base,
			);
			mainGroup = 57BE402F2279CEA900812300;
			productRefGroup = 57BE40392279CEA900812300 /* Products */;
			projectDirPath = "";
			projectRoot = "";
			targets = (
				57BE40372279CEA900812300 /* Interactive */,
				57BE404B2279CEAA00812300 /* InteractiveTests */,
			);
		};
/* End PBXProject section */

/* Begin PBXResourcesBuildPhase section */
		57BE40362279CEA900812300 /* Resources */ = {
			isa = PBXResourcesBuildPhase;
			buildActionMask = 2147483647;
			files = (
				57BE40462279CEAA00812300 /* LaunchScreen.storyboard in Resources */,
				57BE40432279CEAA00812300 /* Assets.xcassets in Resources */,
				57BE40412279CEA900812300 /* Main.storyboard in Resources */,
			);
			runOnlyForDeploymentPostprocessing = 0;
		};
		57BE404A2279CEAA00812300 /* Resources */ = {
			isa = PBXResourcesBuildPhase;
			buildActionMask = 2147483647;
			files = (
			);
			runOnlyForDeploymentPostprocessing = 0;
		};
/* End PBXResourcesBuildPhase section */

/* Begin PBXSourcesBuildPhase section */
		57BE40342279CEA900812300 /* Sources */ = {
			isa = PBXSourcesBuildPhase;
			buildActionMask = 2147483647;
			files = (
				57BE403E2279CEA900812300 /* ViewController.swift in Sources */,
				57BE403C2279CEA900812300 /* AppDelegate.swift in Sources */,
			);
			runOnlyForDeploymentPostprocessing = 0;
		};
		57BE40482279CEAA00812300 /* Sources */ = {
			isa = PBXSourcesBuildPhase;
			buildActionMask = 2147483647;
			files = (
				57BE40512279CEAA00812300 /* InteractiveTests.swift in Sources */,
			);
			runOnlyForDeploymentPostprocessing = 0;
		};
/* End PBXSourcesBuildPhase section */

/* Begin PBXTargetDependency section */
		57BE404E2279CEAA00812300 /* PBXTargetDependency */ = {
			isa = PBXTargetDependency;
			target = 57BE40372279CEA900812300 /* Interactive */;
			targetProxy = 57BE404D2279CEAA00812300 /* PBXContainerItemProxy */;
		};
/* End PBXTargetDependency section */

/* Begin PBXVariantGroup section */
		57BE403F2279CEA900812300 /* Main.storyboard */ = {
			isa = PBXVariantGroup;
			children = (
				57BE40402279CEA900812300 /* Base */,
			);
			name = Main.storyboard;
			sourceTree = "<group>";
		};
		57BE40442279CEAA00812300 /* LaunchScreen.storyboard */ = {
			isa = PBXVariantGroup;
			children = (
				57BE40452279CEAA00812300 /* Base */,
			);
			name = LaunchScreen.storyboard;
			sourceTree = "<group>";
		};
/* End PBXVariantGroup section */

/* Begin XCBuildConfiguration section */
		57BE40532279CEAA00812300 /* Debug */ = {
			isa = XCBuildConfiguration;
			buildSettings = {
				ALWAYS_SEARCH_USER_PATHS = NO;
				CLANG_ANALYZER_NONNULL = YES;
				CLANG_ANALYZER_NUMBER_OBJECT_CONVERSION = YES_AGGRESSIVE;
				CLANG_CXX_LANGUAGE_STANDARD = "gnu++14";
				CLANG_CXX_LIBRARY = "libc++";
				CLANG_ENABLE_MODULES = YES;
				CLANG_ENABLE_OBJC_ARC = YES;
				CLANG_ENABLE_OBJC_WEAK = YES;
				CLANG_WARN_BLOCK_CAPTURE_AUTORELEASING = YES;
				CLANG_WARN_BOOL_CONVERSION = YES;
				CLANG_WARN_COMMA = YES;
				CLANG_WARN_CONSTANT_CONVERSION = YES;
				CLANG_WARN_DEPRECATED_OBJC_IMPLEMENTATIONS = YES;
				CLANG_WARN_DIRECT_OBJC_ISA_USAGE = YES_ERROR;
				CLANG_WARN_DOCUMENTATION_COMMENTS = YES;
				CLANG_WARN_EMPTY_BODY = YES;
				CLANG_WARN_ENUM_CONVERSION = YES;
				CLANG_WARN_INFINITE_RECURSION = YES;
				CLANG_WARN_INT_CONVERSION = YES;
				CLANG_WARN_NON_LITERAL_NULL_CONVERSION = YES;
				CLANG_WARN_OBJC_IMPLICIT_RETAIN_SELF = YES;
				CLANG_WARN_OBJC_LITERAL_CONVERSION = YES;
				CLANG_WARN_OBJC_ROOT_CLASS = YES_ERROR;
				CLANG_WARN_RANGE_LOOP_ANALYSIS = YES;
				CLANG_WARN_STRICT_PROTOTYPES = YES;
				CLANG_WARN_SUSPICIOUS_MOVE = YES;
				CLANG_WARN_UNGUARDED_AVAILABILITY = YES_AGGRESSIVE;
				CLANG_WARN_UNREACHABLE_CODE = YES;
				CLANG_WARN__DUPLICATE_METHOD_MATCH = YES;
				CODE_SIGN_IDENTITY = "iPhone Developer";
				COPY_PHASE_STRIP = NO;
				DEBUG_INFORMATION_FORMAT = dwarf;
				ENABLE_STRICT_OBJC_MSGSEND = YES;
				ENABLE_TESTABILITY = YES;
				GCC_C_LANGUAGE_STANDARD = gnu11;
				GCC_DYNAMIC_NO_PIC = NO;
				GCC_NO_COMMON_BLOCKS = YES;
				GCC_OPTIMIZATION_LEVEL = 0;
				GCC_PREPROCESSOR_DEFINITIONS = (
					"DEBUG=1",
					"$(inherited)",
				);
				GCC_WARN_64_TO_32_BIT_CONVERSION = YES;
				GCC_WARN_ABOUT_RETURN_TYPE = YES_ERROR;
				GCC_WARN_UNDECLARED_SELECTOR = YES;
				GCC_WARN_UNINITIALIZED_AUTOS = YES_AGGRESSIVE;
				GCC_WARN_UNUSED_FUNCTION = YES;
				GCC_WARN_UNUSED_VARIABLE = YES;
				IPHONEOS_DEPLOYMENT_TARGET = 12.2;
				MTL_ENABLE_DEBUG_INFO = INCLUDE_SOURCE;
				MTL_FAST_MATH = YES;
				ONLY_ACTIVE_ARCH = YES;
				SDKROOT = iphoneos;
				SWIFT_ACTIVE_COMPILATION_CONDITIONS = DEBUG;
				SWIFT_OPTIMIZATION_LEVEL = "-Onone";
			};
			name = Debug;
		};
		57BE40542279CEAA00812300 /* Release */ = {
			isa = XCBuildConfiguration;
			buildSettings = {
				ALWAYS_SEARCH_USER_PATHS = NO;
				CLANG_ANALYZER_NONNULL = YES;
				CLANG_ANALYZER_NUMBER_OBJECT_CONVERSION = YES_AGGRESSIVE;
				CLANG_CXX_LANGUAGE_STANDARD = "gnu++14";
				CLANG_CXX_LIBRARY = "libc++";
				CLANG_ENABLE_MODULES = YES;
				CLANG_ENABLE_OBJC_ARC = YES;
				CLANG_ENABLE_OBJC_WEAK = YES;
				CLANG_WARN_BLOCK_CAPTURE_AUTORELEASING = YES;
				CLANG_WARN_BOOL_CONVERSION = YES;
				CLANG_WARN_COMMA = YES;
				CLANG_WARN_CONSTANT_CONVERSION = YES;
				CLANG_WARN_DEPRECATED_OBJC_IMPLEMENTATIONS = YES;
				CLANG_WARN_DIRECT_OBJC_ISA_USAGE = YES_ERROR;
				CLANG_WARN_DOCUMENTATION_COMMENTS = YES;
				CLANG_WARN_EMPTY_BODY = YES;
				CLANG_WARN_ENUM_CONVERSION = YES;
				CLANG_WARN_INFINITE_RECURSION = YES;
				CLANG_WARN_INT_CONVERSION = YES;
				CLANG_WARN_NON_LITERAL_NULL_CONVERSION = YES;
				CLANG_WARN_OBJC_IMPLICIT_RETAIN_SELF = YES;
				CLANG_WARN_OBJC_LITERAL_CONVERSION = YES;
				CLANG_WARN_OBJC_ROOT_CLASS = YES_ERROR;
				CLANG_WARN_RANGE_LOOP_ANALYSIS = YES;
				CLANG_WARN_STRICT_PROTOTYPES = YES;
				CLANG_WARN_SUSPICIOUS_MOVE = YES;
				CLANG_WARN_UNGUARDED_AVAILABILITY = YES_AGGRESSIVE;
				CLANG_WARN_UNREACHABLE_CODE = YES;
				CLANG_WARN__DUPLICATE_METHOD_MATCH = YES;
				CODE_SIGN_IDENTITY = "iPhone Developer";
				COPY_PHASE_STRIP = NO;
				DEBUG_INFORMATION_FORMAT = "dwarf-with-dsym";
				ENABLE_NS_ASSERTIONS = NO;
				ENABLE_STRICT_OBJC_MSGSEND = YES;
				GCC_C_LANGUAGE_STANDARD = gnu11;
				GCC_NO_COMMON_BLOCKS = YES;
				GCC_WARN_64_TO_32_BIT_CONVERSION = YES;
				GCC_WARN_ABOUT_RETURN_TYPE = YES_ERROR;
				GCC_WARN_UNDECLARED_SELECTOR = YES;
				GCC_WARN_UNINITIALIZED_AUTOS = YES_AGGRESSIVE;
				GCC_WARN_UNUSED_FUNCTION = YES;
				GCC_WARN_UNUSED_VARIABLE = YES;
				IPHONEOS_DEPLOYMENT_TARGET = 12.2;
				MTL_ENABLE_DEBUG_INFO = NO;
				MTL_FAST_MATH = YES;
				SDKROOT = iphoneos;
				SWIFT_COMPILATION_MODE = wholemodule;
				SWIFT_OPTIMIZATION_LEVEL = "-O";
				VALIDATE_PRODUCT = YES;
			};
			name = Release;
		};
		57BE40562279CEAA00812300 /* Debug */ = {
			isa = XCBuildConfiguration;
			buildSettings = {
				ASSETCATALOG_COMPILER_APPICON_NAME = AppIcon;
				CODE_SIGN_STYLE = Automatic;
				DEVELOPMENT_TEAM = 49MM9E7H8E;
				INFOPLIST_FILE = Interactive/Info.plist;
				LD_RUNPATH_SEARCH_PATHS = (
					"$(inherited)",
					"@executable_path/Frameworks",
				);
				PRODUCT_BUNDLE_IDENTIFIER = com.yatheesha.sample.Interactive;
				PRODUCT_NAME = "$(TARGET_NAME)";
				SWIFT_VERSION = 5.0;
				TARGETED_DEVICE_FAMILY = "1,2";
			};
			name = Debug;
		};
		57BE40572279CEAA00812300 /* Release */ = {
			isa = XCBuildConfiguration;
			buildSettings = {
				ASSETCATALOG_COMPILER_APPICON_NAME = AppIcon;
				CODE_SIGN_STYLE = Automatic;
				DEVELOPMENT_TEAM = 49MM9E7H8E;
				INFOPLIST_FILE = Interactive/Info.plist;
				LD_RUNPATH_SEARCH_PATHS = (
					"$(inherited)",
					"@executable_path/Frameworks",
				);
				PRODUCT_BUNDLE_IDENTIFIER = com.yatheesha.sample.Interactive;
				PRODUCT_NAME = "$(TARGET_NAME)";
				SWIFT_VERSION = 5.0;
				TARGETED_DEVICE_FAMILY = "1,2";
			};
			name = Release;
		};
		57BE40592279CEAA00812300 /* Debug */ = {
			isa = XCBuildConfiguration;
			buildSettings = {
				ALWAYS_EMBED_SWIFT_STANDARD_LIBRARIES = YES;
				BUNDLE_LOADER = "$(TEST_HOST)";
				CODE_SIGN_STYLE = Automatic;
				DEVELOPMENT_TEAM = 49MM9E7H8E;
				INFOPLIST_FILE = InteractiveTests/Info.plist;
				LD_RUNPATH_SEARCH_PATHS = (
					"$(inherited)",
					"@executable_path/Frameworks",
					"@loader_path/Frameworks",
				);
				PRODUCT_BUNDLE_IDENTIFIER = com.yatheesha.sample.InteractiveTests;
				PRODUCT_NAME = "$(TARGET_NAME)";
				SWIFT_VERSION = 5.0;
				TARGETED_DEVICE_FAMILY = "1,2";
				TEST_HOST = "$(BUILT_PRODUCTS_DIR)/Interactive.app/Interactive";
			};
			name = Debug;
		};
		57BE405A2279CEAA00812300 /* Release */ = {
			isa = XCBuildConfiguration;
			buildSettings = {
				ALWAYS_EMBED_SWIFT_STANDARD_LIBRARIES = YES;
				BUNDLE_LOADER = "$(TEST_HOST)";
				CODE_SIGN_STYLE = Automatic;
				DEVELOPMENT_TEAM = 49MM9E7H8E;
				INFOPLIST_FILE = InteractiveTests/Info.plist;
				LD_RUNPATH_SEARCH_PATHS = (
					"$(inherited)",
					"@executable_path/Frameworks",
					"@loader_path/Frameworks",
				);
				PRODUCT_BUNDLE_IDENTIFIER = com.yatheesha.sample.InteractiveTests;
				PRODUCT_NAME = "$(TARGET_NAME)";
				SWIFT_VERSION = 5.0;
				TARGETED_DEVICE_FAMILY = "1,2";
				TEST_HOST = "$(BUILT_PRODUCTS_DIR)/Interactive.app/Interactive";
			};
			name = Release;
		};
/* End XCBuildConfiguration section */

/* Begin XCConfigurationList section */
		57BE40332279CEA900812300 /* Build configuration list for PBXProject "Interactive" */ = {
			isa = XCConfigurationList;
			buildConfigurations = (
				57BE40532279CEAA00812300 /* Debug */,
				57BE40542279CEAA00812300 /* Release */,
			);
			defaultConfigurationIsVisible = 0;
			defaultConfigurationName = Release;
		};
		57BE40552279CEAA00812300 /* Build configuration list for PBXNativeTarget "Interactive" */ = {
			isa = XCConfigurationList;
			buildConfigurations = (
				57BE40562279CEAA00812300 /* Debug */,
				57BE40572279CEAA00812300 /* Release */,
			);
			defaultConfigurationIsVisible = 0;
			defaultConfigurationName = Release;
		};
		57BE40582279CEAA00812300 /* Build configuration list for PBXNativeTarget "InteractiveTests" */ = {
			isa = XCConfigurationList;
			buildConfigurations = (
				57BE40592279CEAA00812300 /* Debug */,
				57BE405A2279CEAA00812300 /* Release */,
			);
			defaultConfigurationIsVisible = 0;
			defaultConfigurationName = Release;
		};
/* End XCConfigurationList section */
	};
	rootObject = 57BE40302279CEA900812300 /* Project object */;
}
